# This file was autogenerated by Stack.
# You should not edit this file by hand.
# For more information, please see the documentation at:
#   https://docs.haskellstack.org/en/stable/lock_files

packages:
- completed:
    hackage: splitmix-0.1.0.3@sha256:fc3aae74c467f4b608050bef53aec17904a618731df9407e655d8f3bf8c32d5c,6049
    pantry-tree:
      size: 1400
      sha256: 8290f921f41c3628a6c9871502e57fd1d25f5954967afbf4ed16717fd8d3656f
  original:
    hackage: splitmix-0.1.0.3@sha256:fc3aae74c467f4b608050bef53aec17904a618731df9407e655d8f3bf8c32d5c,6049
- completed:
    hackage: random-1.2.0@sha256:30d72df4cc1d2fe2d445c88f0ee9d21965af7ce86660c43a6c32a6a1d90d51c9,6094
    pantry-tree:
      size: 1259
      sha256: 92b5a834ba603ee4d006968a75847f4fd93a566b8a96e1b463b8229f8ce9961d
  original:
    hackage: random-1.2.0@sha256:30d72df4cc1d2fe2d445c88f0ee9d21965af7ce86660c43a6c32a6a1d90d51c9,6094
- completed:
    hackage: MonadRandom-0.5.3@sha256:58133d9cdb3413a9bafc7bbd64046f1b04867a5d962a2ed1e827127036abeff2,1454
    pantry-tree:
      size: 709
      sha256: 3cbd25761bc7b211ba49e883d4763ce3b41416bc9e49a3145b9365d2a19b66e7
  original:
    hackage: MonadRandom-0.5.3@sha256:58133d9cdb3413a9bafc7bbd64046f1b04867a5d962a2ed1e827127036abeff2,1454
- completed:
    hackage: primitive-0.7.1.0@sha256:29de6bfd0cf8ba023ceb806203dfbec0e51e3524e75ffe41056f70b4229c6f0f,2728
    pantry-tree:
      size: 1376
      sha256: 606ab4ce691cb886b13760bba1b2380ba91b5d0f1a5ff20fa753577ab9eda70b
  original:
    hackage: primitive-0.7.1.0@sha256:29de6bfd0cf8ba023ceb806203dfbec0e51e3524e75ffe41056f70b4229c6f0f,2728
- completed:
    hackage: transformers-compat-0.6.6@sha256:510709db2b12d1510d70de824ee544ca0a9e6f27aa7e299218cbacc0750b4a5e,5560
    pantry-tree:
      size: 1777
      sha256: e53f7b8deb576db7baa6e4c13a7c9904cd247f6e4807bd12a058d1527197064e
  original:
    hackage: transformers-compat-0.6.6@sha256:510709db2b12d1510d70de824ee544ca0a9e6f27aa7e299218cbacc0750b4a5e,5560
- completed:
    hackage: monads-fd-0.2.0.0@sha256:4be5f0be548cae53d2ead2f5fa259149b7d6041f77f3b50571949fad16881ff6,1145
    pantry-tree:
      size: 1540
      sha256: 5106eb3e28e5ca25f73f6d0db55700569f27498a7e63910b2ceb17d1164402db
  original:
    hackage: monads-fd-0.2.0.0@sha256:4be5f0be548cae53d2ead2f5fa259149b7d6041f77f3b50571949fad16881ff6,1145
- completed:
    hackage: split-0.2.3.4@sha256:048c75891d63a03828f97667214aaaf0e67b7dcbfec297753e39939ffda6f51a,2647
    pantry-tree:
      size: 439
      sha256: 72c550dd427dc15a2195e16c84bdb4712060fe601d87e95674154b44403550d9
  original:
    hackage: split-0.2.3.4@sha256:048c75891d63a03828f97667214aaaf0e67b7dcbfec297753e39939ffda6f51a,2647
snapshots: []
